
Microsoft Visual Studio Solution File, Format Version 12.00
# Visual Studio Version 16
VisualStudioVersion = 16.0.31410.357
MinimumVisualStudioVersion = 10.0.40219.1
Project("{8BC9CEB8-8B4A-11D0-8D11-00A0C91BC942}") = "win-uhid-driver", "win-uhid-driver\win-uhid-driver.vcxproj", "{F57DD0CE-9D7D-4CA8-BC1D-504A57250B5E}"
EndProject
Project("{8BC9CEB8-8B4A-11D0-8D11-00A0C91BC942}") = "DriverTest", "DriverTest\DriverTest.vcxproj", "{AEE4FA31-8BF7-400B-8F0F-57B461E4C578}"
EndProject
Project("{2150E333-8FDC-42A3-9474-1A3956D46DE8}") = "Solution Items", "Solution Items", "{40AE7743-6292-4A5B-9368-5BD521FA5B44}"
	ProjectSection(SolutionItems) = preProject
		README.MD = README.MD
	EndProjectSection
EndProject
Global
	GlobalSection(SolutionConfigurationPlatforms) = preSolution
		Debug|ARM = Debug|ARM
		Debug|ARM64 = Debug|ARM64
		Debug|x64 = Debug|x64
		Debug|x86 = Debug|x86
		Release|ARM = Release|ARM
		Release|ARM64 = Release|ARM64
		Release|x64 = Release|x64
		Release|x86 = Release|x86
	EndGlobalSection
	GlobalSection(ProjectConfigurationPlatforms) = postSolution
		{F57DD0CE-9D7D-4CA8-BC1D-504A57250B5E}.Debug|ARM.ActiveCfg = Debug|ARM
		{F57DD0CE-9D7D-4CA8-BC1D-504A57250B5E}.Debug|ARM.Build.0 = Debug|ARM
		{F57DD0CE-9D7D-4CA8-BC1D-504A57250B5E}.Debug|ARM.Deploy.0 = Debug|ARM
		{F57DD0CE-9D7D-4CA8-BC1D-504A57250B5E}.Debug|ARM64.ActiveCfg = Debug|ARM64
		{F57DD0CE-9D7D-4CA8-BC1D-504A57250B5E}.Debug|ARM64.Build.0 = Debug|ARM64
		{F57DD0CE-9D7D-4CA8-BC1D-504A57250B5E}.Debug|ARM64.Deploy.0 = Debug|ARM64
		{F57DD0CE-9D7D-4CA8-BC1D-504A57250B5E}.Debug|x64.ActiveCfg = Debug|x64
		{F57DD0CE-9D7D-4CA8-BC1D-504A57250B5E}.Debug|x64.Build.0 = Debug|x64
		{F57DD0CE-9D7D-4CA8-BC1D-504A57250B5E}.Debug|x64.Deploy.0 = Debug|x64
		{F57DD0CE-9D7D-4CA8-BC1D-504A57250B5E}.Debug|x86.ActiveCfg = Debug|Win32
		{F57DD0CE-9D7D-4CA8-BC1D-504A57250B5E}.Debug|x86.Build.0 = Debug|Win32
		{F57DD0CE-9D7D-4CA8-BC1D-504A57250B5E}.Debug|x86.Deploy.0 = Debug|Win32
		{F57DD0CE-9D7D-4CA8-BC1D-504A57250B5E}.Release|ARM.ActiveCfg = Release|ARM
		{F57DD0CE-9D7D-4CA8-BC1D-504A57250B5E}.Release|ARM.Build.0 = Release|ARM
		{F57DD0CE-9D7D-4CA8-BC1D-504A57250B5E}.Release|ARM.Deploy.0 = Release|ARM
		{F57DD0CE-9D7D-4CA8-BC1D-504A57250B5E}.Release|ARM64.ActiveCfg = Release|ARM64
		{F57DD0CE-9D7D-4CA8-BC1D-504A57250B5E}.Release|ARM64.Build.0 = Release|ARM64
		{F57DD0CE-9D7D-4CA8-BC1D-504A57250B5E}.Release|ARM64.Deploy.0 = Release|ARM64
		{F57DD0CE-9D7D-4CA8-BC1D-504A57250B5E}.Release|x64.ActiveCfg = Release|x64
		{F57DD0CE-9D7D-4CA8-BC1D-504A57250B5E}.Release|x64.Build.0 = Release|x64
		{F57DD0CE-9D7D-4CA8-BC1D-504A57250B5E}.Release|x64.Deploy.0 = Release|x64
		{F57DD0CE-9D7D-4CA8-BC1D-504A57250B5E}.Release|x86.ActiveCfg = Release|Win32
		{F57DD0CE-9D7D-4CA8-BC1D-504A57250B5E}.Release|x86.Build.0 = Release|Win32
		{F57DD0CE-9D7D-4CA8-BC1D-504A57250B5E}.Release|x86.Deploy.0 = Release|Win32
		{AEE4FA31-8BF7-400B-8F0F-57B461E4C578}.Debug|ARM.ActiveCfg = Debug|Win32
		{AEE4FA31-8BF7-400B-8F0F-57B461E4C578}.Debug|ARM64.ActiveCfg = Debug|Win32
		{AEE4FA31-8BF7-400B-8F0F-57B461E4C578}.Debug|x64.ActiveCfg = Debug|x64
		{AEE4FA31-8BF7-400B-8F0F-57B461E4C578}.Debug|x64.Build.0 = Debug|x64
		{AEE4FA31-8BF7-400B-8F0F-57B461E4C578}.Debug|x64.Deploy.0 = Debug|x64
		{AEE4FA31-8BF7-400B-8F0F-57B461E4C578}.Debug|x86.ActiveCfg = Debug|Win32
		{AEE4FA31-8BF7-400B-8F0F-57B461E4C578}.Debug|x86.Build.0 = Debug|Win32
		{AEE4FA31-8BF7-400B-8F0F-57B461E4C578}.Release|ARM.ActiveCfg = Release|Win32
		{AEE4FA31-8BF7-400B-8F0F-57B461E4C578}.Release|ARM64.ActiveCfg = Release|Win32
		{AEE4FA31-8BF7-400B-8F0F-57B461E4C578}.Release|x64.ActiveCfg = Release|x64
		{AEE4FA31-8BF7-400B-8F0F-57B461E4C578}.Release|x64.Build.0 = Release|x64
		{AEE4FA31-8BF7-400B-8F0F-57B461E4C578}.Release|x86.ActiveCfg = Release|Win32
		{AEE4FA31-8BF7-400B-8F0F-57B461E4C578}.Release|x86.Build.0 = Release|Win32
	EndGlobalSection
	GlobalSection(SolutionProperties) = preSolution
		HideSolutionNode = FALSE
	EndGlobalSection
	GlobalSection(ExtensibilityGlobals) = postSolution
		SolutionGuid = {8C084220-F34E-40AA-9E6B-6CFF71CBBFCD}
	EndGlobalSection
EndGlobal
